
Microsoft Visual Studio Solution File, Format Version 12.00
# Visual Studio 2013
VisualStudioVersion = 12.0.40629.0
MinimumVisualStudioVersion = 10.0.40219.1
Project("{8BC9CEB8-8B4A-11D0-8D11-00A0C91BC942}") = "p002", "p002\p002.vcxproj", "{C2FFADF5-9D63-45FC-8C60-3EA1D5A67920}"
EndProject
Project("{8BC9CEB8-8B4A-11D0-8D11-00A0C91BC942}") = "p003", "p003\p003.vcxproj", "{6B723B69-DDE6-4B77-90FF-FC4493127311}"
EndProject
Project("{8BC9CEB8-8B4A-11D0-8D11-00A0C91BC942}") = "p010", "p010\p010.vcxproj", "{6341CB03-433A-4DD5-A354-C21DDA09FD6C}"
EndProject
Project("{8BC9CEB8-8B4A-11D0-8D11-00A0C91BC942}") = "p011", "p011\p011.vcxproj", "{17DFF147-6DCA-43F2-89E5-2E3739D73396}"
EndProject
Project("{8BC9CEB8-8B4A-11D0-8D11-00A0C91BC942}") = "p016", "p016\p016.vcxproj", "{473AD11B-4819-4C9A-BBF7-5D6EB25A17BA}"
EndProject
Project("{8BC9CEB8-8B4A-11D0-8D11-00A0C91BC942}") = "p017", "p017\p017.vcxproj", "{3A1D8932-9DD6-4957-AB6D-0446326326E0}"
EndProject
Project("{8BC9CEB8-8B4A-11D0-8D11-00A0C91BC942}") = "p020", "p020\p020.vcxproj", "{8A33425D-911D-4C51-8B6E-C8A1FF5ECBDA}"
EndProject
Project("{8BC9CEB8-8B4A-11D0-8D11-00A0C91BC942}") = "p024", "p024\p024.vcxproj", "{0453FA40-80AC-437C-BA9A-DDCC9729229B}"
EndProject
Project("{8BC9CEB8-8B4A-11D0-8D11-00A0C91BC942}") = "p035", "p035\p035.vcxproj", "{9281255C-278B-4CE9-88AF-55FA600CA073}"
EndProject
Project("{8BC9CEB8-8B4A-11D0-8D11-00A0C91BC942}") = "p037", "p037\p037.vcxproj", "{5042F202-44E0-4786-A03B-91859F64A7FA}"
EndProject
Project("{8BC9CEB8-8B4A-11D0-8D11-00A0C91BC942}") = "p040", "p040\p040.vcxproj", "{A4F9494B-4441-4D11-A519-4104522BCB44}"
EndProject
Project("{8BC9CEB8-8B4A-11D0-8D11-00A0C91BC942}") = "p043", "p043\p043.vcxproj", "{D4FB6EA4-DD9F-4597-B952-3E8ADB5A517B}"
EndProject
Project("{8BC9CEB8-8B4A-11D0-8D11-00A0C91BC942}") = "p049", "p049\p049.vcxproj", "{6ED97971-B7A3-4575-8A2B-429F9E56F2A1}"
EndProject
Project("{8BC9CEB8-8B4A-11D0-8D11-00A0C91BC942}") = "p060", "p060\p060.vcxproj", "{28AAD7DF-2B17-4195-B98F-10959B1ABEB8}"
EndProject
Project("{8BC9CEB8-8B4A-11D0-8D11-00A0C91BC942}") = "p064", "p064\p064.vcxproj", "{9E084D8E-FAF7-4D76-9C27-4831E0C0F343}"
EndProject
Project("{8BC9CEB8-8B4A-11D0-8D11-00A0C91BC942}") = "p075", "p075\p075.vcxproj", "{191DA3B1-4257-4BB9-B0D6-C14BEE07C555}"
EndProject
Project("{8BC9CEB8-8B4A-11D0-8D11-00A0C91BC942}") = "p078", "p078\p078.vcxproj", "{D50DC9B1-83C2-44BB-9EED-67F8F457D66B}"
EndProject
Project("{8BC9CEB8-8B4A-11D0-8D11-00A0C91BC942}") = "p090", "p090\p090.vcxproj", "{46CB79DF-56C0-4D86-A345-15258295FAC5}"
EndProject
Project("{8BC9CEB8-8B4A-11D0-8D11-00A0C91BC942}") = "p096", "p096\p096.vcxproj", "{7DACCD29-9774-4360-8177-B41B539DE39D}"
EndProject
Project("{8BC9CEB8-8B4A-11D0-8D11-00A0C91BC942}") = "p099", "p099\p099.vcxproj", "{A99EA0C6-7C97-45FB-845B-F8B251C77492}"
EndProject
Project("{8BC9CEB8-8B4A-11D0-8D11-00A0C91BC942}") = "p100", "p100\p100.vcxproj", "{9A9D3EC2-A89F-4016-AA46-23735D746F4A}"
EndProject
Project("{8BC9CEB8-8B4A-11D0-8D11-00A0C91BC942}") = "p102", "p102\p102.vcxproj", "{38AAD83F-4E2E-4F12-8EF0-E6F2BD3738CE}"
EndProject
Project("{8BC9CEB8-8B4A-11D0-8D11-00A0C91BC942}") = "p107", "p107\p107.vcxproj", "{392061CC-373D-4CFB-9EBB-B9D9C849DAEA}"
EndProject
Project("{8BC9CEB8-8B4A-11D0-8D11-00A0C91BC942}") = "p109", "p109\p109.vcxproj", "{A4FEB439-2966-4680-926F-88912D21F0F6}"
EndProject
Project("{8BC9CEB8-8B4A-11D0-8D11-00A0C91BC942}") = "p112", "p112\p112.vcxproj", "{FD97ED14-F6E0-405F-84AF-D91E97ABB711}"
EndProject
Project("{8BC9CEB8-8B4A-11D0-8D11-00A0C91BC942}") = "p114", "p114\p114.vcxproj", "{12D90CC0-F6B1-487F-B15C-3F38931D03FA}"
EndProject
Project("{8BC9CEB8-8B4A-11D0-8D11-00A0C91BC942}") = "p120", "p120\p120.vcxproj", "{13217B8C-8EFF-4546-8233-74EF01FDFE33}"
EndProject
Project("{8BC9CEB8-8B4A-11D0-8D11-00A0C91BC942}") = "p125", "p125\p125.vcxproj", "{585147E3-200D-4B6E-B17F-6DCE3F0FF774}"
EndProject
Project("{8BC9CEB8-8B4A-11D0-8D11-00A0C91BC942}") = "p126", "p126\p126.vcxproj", "{7067B60D-EDE3-4AD1-A66C-2B18236B269D}"
EndProject
Project("{8BC9CEB8-8B4A-11D0-8D11-00A0C91BC942}") = "p127", "p127\p127.vcxproj", "{741205BA-F6B8-4B42-BC76-11657215F134}"
EndProject
Project("{8BC9CEB8-8B4A-11D0-8D11-00A0C91BC942}") = "p129", "p129\p129.vcxproj", "{C0A302B0-6F51-4C84-B532-7D0EDB7BE9B3}"
EndProject
Project("{8BC9CEB8-8B4A-11D0-8D11-00A0C91BC942}") = "p134", "p134\p134.vcxproj", "{35FF282C-D410-4501-AA3A-69E42DAC17F4}"
EndProject
Project("{8BC9CEB8-8B4A-11D0-8D11-00A0C91BC942}") = "p137", "p137\p137.vcxproj", "{9A82BA12-310B-45D6-9ADD-C61A6AB13541}"
EndProject
Project("{8BC9CEB8-8B4A-11D0-8D11-00A0C91BC942}") = "p138", "p138\p138.vcxproj", "{A4E71C5F-8FF7-40A6-A81A-1FFC66A64F1B}"
EndProject
Project("{8BC9CEB8-8B4A-11D0-8D11-00A0C91BC942}") = "p142", "p142\p142.vcxproj", "{ED07A841-DDEA-42DF-B76E-0A246317DA1C}"
EndProject
Project("{8BC9CEB8-8B4A-11D0-8D11-00A0C91BC942}") = "p143", "p143\p143.vcxproj", "{FC0F7F43-DE91-426C-878B-F7618C709EC6}"
EndProject
Project("{8BC9CEB8-8B4A-11D0-8D11-00A0C91BC942}") = "p144", "p144\p144.vcxproj", "{989ECC6F-EAF1-4EDD-A1D7-678E61E042DE}"
EndProject
Project("{8BC9CEB8-8B4A-11D0-8D11-00A0C91BC942}") = "p145", "p145\p145.vcxproj", "{A733858A-2E48-4FA2-A4EC-2AFE95B44E37}"
EndProject
Project("{8BC9CEB8-8B4A-11D0-8D11-00A0C91BC942}") = "p147", "p147\p147.vcxproj", "{D445B73F-D6C4-453C-A2A2-D491972A0009}"
EndProject
Project("{8BC9CEB8-8B4A-11D0-8D11-00A0C91BC942}") = "p148", "p148\p148.vcxproj", "{5E90227E-D74F-43BE-B593-CF5DC27A6A97}"
EndProject
Project("{8BC9CEB8-8B4A-11D0-8D11-00A0C91BC942}") = "p149", "p149\p149.vcxproj", "{AB427367-FA69-4A21-A534-954146829B88}"
EndProject
Project("{8BC9CEB8-8B4A-11D0-8D11-00A0C91BC942}") = "p150", "p150\p150.vcxproj", "{0FD295B3-03D0-44A4-A361-618919FA1BD8}"
EndProject
Project("{8BC9CEB8-8B4A-11D0-8D11-00A0C91BC942}") = "p028", "p028\p028.vcxproj", "{0FE432B0-8F21-4686-BB0B-71A580EB36BF}"
EndProject
Global
	GlobalSection(SolutionConfigurationPlatforms) = preSolution
		Debug|Win32 = Debug|Win32
		Release|Win32 = Release|Win32
	EndGlobalSection
	GlobalSection(ProjectConfigurationPlatforms) = postSolution
		{C2FFADF5-9D63-45FC-8C60-3EA1D5A67920}.Debug|Win32.ActiveCfg = Debug|Win32
		{C2FFADF5-9D63-45FC-8C60-3EA1D5A67920}.Debug|Win32.Build.0 = Debug|Win32
		{C2FFADF5-9D63-45FC-8C60-3EA1D5A67920}.Release|Win32.ActiveCfg = Release|Win32
		{C2FFADF5-9D63-45FC-8C60-3EA1D5A67920}.Release|Win32.Build.0 = Release|Win32
		{6B723B69-DDE6-4B77-90FF-FC4493127311}.Debug|Win32.ActiveCfg = Debug|Win32
		{6B723B69-DDE6-4B77-90FF-FC4493127311}.Debug|Win32.Build.0 = Debug|Win32
		{6B723B69-DDE6-4B77-90FF-FC4493127311}.Release|Win32.ActiveCfg = Release|Win32
		{6B723B69-DDE6-4B77-90FF-FC4493127311}.Release|Win32.Build.0 = Release|Win32
		{6341CB03-433A-4DD5-A354-C21DDA09FD6C}.Debug|Win32.ActiveCfg = Debug|Win32
		{6341CB03-433A-4DD5-A354-C21DDA09FD6C}.Debug|Win32.Build.0 = Debug|Win32
		{6341CB03-433A-4DD5-A354-C21DDA09FD6C}.Release|Win32.ActiveCfg = Release|Win32
		{6341CB03-433A-4DD5-A354-C21DDA09FD6C}.Release|Win32.Build.0 = Release|Win32
		{17DFF147-6DCA-43F2-89E5-2E3739D73396}.Debug|Win32.ActiveCfg = Debug|Win32
		{17DFF147-6DCA-43F2-89E5-2E3739D73396}.Debug|Win32.Build.0 = Debug|Win32
		{17DFF147-6DCA-43F2-89E5-2E3739D73396}.Release|Win32.ActiveCfg = Release|Win32
		{17DFF147-6DCA-43F2-89E5-2E3739D73396}.Release|Win32.Build.0 = Release|Win32
		{473AD11B-4819-4C9A-BBF7-5D6EB25A17BA}.Debug|Win32.ActiveCfg = Debug|Win32
		{473AD11B-4819-4C9A-BBF7-5D6EB25A17BA}.Debug|Win32.Build.0 = Debug|Win32
		{473AD11B-4819-4C9A-BBF7-5D6EB25A17BA}.Release|Win32.ActiveCfg = Release|Win32
		{473AD11B-4819-4C9A-BBF7-5D6EB25A17BA}.Release|Win32.Build.0 = Release|Win32
		{3A1D8932-9DD6-4957-AB6D-0446326326E0}.Debug|Win32.ActiveCfg = Debug|Win32
		{3A1D8932-9DD6-4957-AB6D-0446326326E0}.Debug|Win32.Build.0 = Debug|Win32
		{3A1D8932-9DD6-4957-AB6D-0446326326E0}.Release|Win32.ActiveCfg = Release|Win32
		{3A1D8932-9DD6-4957-AB6D-0446326326E0}.Release|Win32.Build.0 = Release|Win32
		{8A33425D-911D-4C51-8B6E-C8A1FF5ECBDA}.Debug|Win32.ActiveCfg = Debug|Win32
		{8A33425D-911D-4C51-8B6E-C8A1FF5ECBDA}.Debug|Win32.Build.0 = Debug|Win32
		{8A33425D-911D-4C51-8B6E-C8A1FF5ECBDA}.Release|Win32.ActiveCfg = Release|Win32
		{8A33425D-911D-4C51-8B6E-C8A1FF5ECBDA}.Release|Win32.Build.0 = Release|Win32
		{0453FA40-80AC-437C-BA9A-DDCC9729229B}.Debug|Win32.ActiveCfg = Debug|Win32
		{0453FA40-80AC-437C-BA9A-DDCC9729229B}.Debug|Win32.Build.0 = Debug|Win32
		{0453FA40-80AC-437C-BA9A-DDCC9729229B}.Release|Win32.ActiveCfg = Release|Win32
		{0453FA40-80AC-437C-BA9A-DDCC9729229B}.Release|Win32.Build.0 = Release|Win32
		{9281255C-278B-4CE9-88AF-55FA600CA073}.Debug|Win32.ActiveCfg = Debug|Win32
		{9281255C-278B-4CE9-88AF-55FA600CA073}.Debug|Win32.Build.0 = Debug|Win32
		{9281255C-278B-4CE9-88AF-55FA600CA073}.Release|Win32.ActiveCfg = Release|Win32
		{9281255C-278B-4CE9-88AF-55FA600CA073}.Release|Win32.Build.0 = Release|Win32
		{5042F202-44E0-4786-A03B-91859F64A7FA}.Debug|Win32.ActiveCfg = Debug|Win32
		{5042F202-44E0-4786-A03B-91859F64A7FA}.Debug|Win32.Build.0 = Debug|Win32
		{5042F202-44E0-4786-A03B-91859F64A7FA}.Release|Win32.ActiveCfg = Release|Win32
		{5042F202-44E0-4786-A03B-91859F64A7FA}.Release|Win32.Build.0 = Release|Win32
		{A4F9494B-4441-4D11-A519-4104522BCB44}.Debug|Win32.ActiveCfg = Debug|Win32
		{A4F9494B-4441-4D11-A519-4104522BCB44}.Debug|Win32.Build.0 = Debug|Win32
		{A4F9494B-4441-4D11-A519-4104522BCB44}.Release|Win32.ActiveCfg = Release|Win32
		{A4F9494B-4441-4D11-A519-4104522BCB44}.Release|Win32.Build.0 = Release|Win32
		{D4FB6EA4-DD9F-4597-B952-3E8ADB5A517B}.Debug|Win32.ActiveCfg = Debug|Win32
		{D4FB6EA4-DD9F-4597-B952-3E8ADB5A517B}.Debug|Win32.Build.0 = Debug|Win32
		{D4FB6EA4-DD9F-4597-B952-3E8ADB5A517B}.Release|Win32.ActiveCfg = Release|Win32
		{D4FB6EA4-DD9F-4597-B952-3E8ADB5A517B}.Release|Win32.Build.0 = Release|Win32
		{6ED97971-B7A3-4575-8A2B-429F9E56F2A1}.Debug|Win32.ActiveCfg = Debug|Win32
		{6ED97971-B7A3-4575-8A2B-429F9E56F2A1}.Debug|Win32.Build.0 = Debug|Win32
		{6ED97971-B7A3-4575-8A2B-429F9E56F2A1}.Release|Win32.ActiveCfg = Release|Win32
		{6ED97971-B7A3-4575-8A2B-429F9E56F2A1}.Release|Win32.Build.0 = Release|Win32
		{28AAD7DF-2B17-4195-B98F-10959B1ABEB8}.Debug|Win32.ActiveCfg = Debug|Win32
		{28AAD7DF-2B17-4195-B98F-10959B1ABEB8}.Debug|Win32.Build.0 = Debug|Win32
		{28AAD7DF-2B17-4195-B98F-10959B1ABEB8}.Release|Win32.ActiveCfg = Release|Win32
		{28AAD7DF-2B17-4195-B98F-10959B1ABEB8}.Release|Win32.Build.0 = Release|Win32
		{9E084D8E-FAF7-4D76-9C27-4831E0C0F343}.Debug|Win32.ActiveCfg = Debug|Win32
		{9E084D8E-FAF7-4D76-9C27-4831E0C0F343}.Debug|Win32.Build.0 = Debug|Win32
		{9E084D8E-FAF7-4D76-9C27-4831E0C0F343}.Release|Win32.ActiveCfg = Release|Win32
		{9E084D8E-FAF7-4D76-9C27-4831E0C0F343}.Release|Win32.Build.0 = Release|Win32
		{191DA3B1-4257-4BB9-B0D6-C14BEE07C555}.Debug|Win32.ActiveCfg = Debug|Win32
		{191DA3B1-4257-4BB9-B0D6-C14BEE07C555}.Debug|Win32.Build.0 = Debug|Win32
		{191DA3B1-4257-4BB9-B0D6-C14BEE07C555}.Release|Win32.ActiveCfg = Release|Win32
		{191DA3B1-4257-4BB9-B0D6-C14BEE07C555}.Release|Win32.Build.0 = Release|Win32
		{D50DC9B1-83C2-44BB-9EED-67F8F457D66B}.Debug|Win32.ActiveCfg = Debug|Win32
		{D50DC9B1-83C2-44BB-9EED-67F8F457D66B}.Debug|Win32.Build.0 = Debug|Win32
		{D50DC9B1-83C2-44BB-9EED-67F8F457D66B}.Release|Win32.ActiveCfg = Release|Win32
		{D50DC9B1-83C2-44BB-9EED-67F8F457D66B}.Release|Win32.Build.0 = Release|Win32
		{46CB79DF-56C0-4D86-A345-15258295FAC5}.Debug|Win32.ActiveCfg = Debug|Win32
		{46CB79DF-56C0-4D86-A345-15258295FAC5}.Debug|Win32.Build.0 = Debug|Win32
		{46CB79DF-56C0-4D86-A345-15258295FAC5}.Release|Win32.ActiveCfg = Release|Win32
		{46CB79DF-56C0-4D86-A345-15258295FAC5}.Release|Win32.Build.0 = Release|Win32
		{7DACCD29-9774-4360-8177-B41B539DE39D}.Debug|Win32.ActiveCfg = Debug|Win32
		{7DACCD29-9774-4360-8177-B41B539DE39D}.Debug|Win32.Build.0 = Debug|Win32
		{7DACCD29-9774-4360-8177-B41B539DE39D}.Release|Win32.ActiveCfg = Release|Win32
		{7DACCD29-9774-4360-8177-B41B539DE39D}.Release|Win32.Build.0 = Release|Win32
		{A99EA0C6-7C97-45FB-845B-F8B251C77492}.Debug|Win32.ActiveCfg = Debug|Win32
		{A99EA0C6-7C97-45FB-845B-F8B251C77492}.Debug|Win32.Build.0 = Debug|Win32
		{A99EA0C6-7C97-45FB-845B-F8B251C77492}.Release|Win32.ActiveCfg = Release|Win32
		{A99EA0C6-7C97-45FB-845B-F8B251C77492}.Release|Win32.Build.0 = Release|Win32
		{9A9D3EC2-A89F-4016-AA46-23735D746F4A}.Debug|Win32.ActiveCfg = Debug|Win32
		{9A9D3EC2-A89F-4016-AA46-23735D746F4A}.Debug|Win32.Build.0 = Debug|Win32
		{9A9D3EC2-A89F-4016-AA46-23735D746F4A}.Release|Win32.ActiveCfg = Release|Win32
		{9A9D3EC2-A89F-4016-AA46-23735D746F4A}.Release|Win32.Build.0 = Release|Win32
		{38AAD83F-4E2E-4F12-8EF0-E6F2BD3738CE}.Debug|Win32.ActiveCfg = Debug|Win32
		{38AAD83F-4E2E-4F12-8EF0-E6F2BD3738CE}.Debug|Win32.Build.0 = Debug|Win32
		{38AAD83F-4E2E-4F12-8EF0-E6F2BD3738CE}.Release|Win32.ActiveCfg = Release|Win32
		{38AAD83F-4E2E-4F12-8EF0-E6F2BD3738CE}.Release|Win32.Build.0 = Release|Win32
		{392061CC-373D-4CFB-9EBB-B9D9C849DAEA}.Debug|Win32.ActiveCfg = Debug|Win32
		{392061CC-373D-4CFB-9EBB-B9D9C849DAEA}.Debug|Win32.Build.0 = Debug|Win32
		{392061CC-373D-4CFB-9EBB-B9D9C849DAEA}.Release|Win32.ActiveCfg = Release|Win32
		{392061CC-373D-4CFB-9EBB-B9D9C849DAEA}.Release|Win32.Build.0 = Release|Win32
		{A4FEB439-2966-4680-926F-88912D21F0F6}.Debug|Win32.ActiveCfg = Debug|Win32
		{A4FEB439-2966-4680-926F-88912D21F0F6}.Debug|Win32.Build.0 = Debug|Win32
		{A4FEB439-2966-4680-926F-88912D21F0F6}.Release|Win32.ActiveCfg = Release|Win32
		{A4FEB439-2966-4680-926F-88912D21F0F6}.Release|Win32.Build.0 = Release|Win32
		{FD97ED14-F6E0-405F-84AF-D91E97ABB711}.Debug|Win32.ActiveCfg = Debug|Win32
		{FD97ED14-F6E0-405F-84AF-D91E97ABB711}.Debug|Win32.Build.0 = Debug|Win32
		{FD97ED14-F6E0-405F-84AF-D91E97ABB711}.Release|Win32.ActiveCfg = Release|Win32
		{FD97ED14-F6E0-405F-84AF-D91E97ABB711}.Release|Win32.Build.0 = Release|Win32
		{12D90CC0-F6B1-487F-B15C-3F38931D03FA}.Debug|Win32.ActiveCfg = Debug|Win32
		{12D90CC0-F6B1-487F-B15C-3F38931D03FA}.Debug|Win32.Build.0 = Debug|Win32
		{12D90CC0-F6B1-487F-B15C-3F38931D03FA}.Release|Win32.ActiveCfg = Release|Win32
		{12D90CC0-F6B1-487F-B15C-3F38931D03FA}.Release|Win32.Build.0 = Release|Win32
		{13217B8C-8EFF-4546-8233-74EF01FDFE33}.Debug|Win32.ActiveCfg = Debug|Win32
		{13217B8C-8EFF-4546-8233-74EF01FDFE33}.Debug|Win32.Build.0 = Debug|Win32
		{13217B8C-8EFF-4546-8233-74EF01FDFE33}.Release|Win32.ActiveCfg = Release|Win32
		{13217B8C-8EFF-4546-8233-74EF01FDFE33}.Release|Win32.Build.0 = Release|Win32
		{585147E3-200D-4B6E-B17F-6DCE3F0FF774}.Debug|Win32.ActiveCfg = Debug|Win32
		{585147E3-200D-4B6E-B17F-6DCE3F0FF774}.Debug|Win32.Build.0 = Debug|Win32
		{585147E3-200D-4B6E-B17F-6DCE3F0FF774}.Release|Win32.ActiveCfg = Release|Win32
		{585147E3-200D-4B6E-B17F-6DCE3F0FF774}.Release|Win32.Build.0 = Release|Win32
		{7067B60D-EDE3-4AD1-A66C-2B18236B269D}.Debug|Win32.ActiveCfg = Debug|Win32
		{7067B60D-EDE3-4AD1-A66C-2B18236B269D}.Debug|Win32.Build.0 = Debug|Win32
		{7067B60D-EDE3-4AD1-A66C-2B18236B269D}.Release|Win32.ActiveCfg = Release|Win32
		{7067B60D-EDE3-4AD1-A66C-2B18236B269D}.Release|Win32.Build.0 = Release|Win32
		{741205BA-F6B8-4B42-BC76-11657215F134}.Debug|Win32.ActiveCfg = Debug|Win32
		{741205BA-F6B8-4B42-BC76-11657215F134}.Debug|Win32.Build.0 = Debug|Win32
		{741205BA-F6B8-4B42-BC76-11657215F134}.Release|Win32.ActiveCfg = Release|Win32
		{741205BA-F6B8-4B42-BC76-11657215F134}.Release|Win32.Build.0 = Release|Win32
		{C0A302B0-6F51-4C84-B532-7D0EDB7BE9B3}.Debug|Win32.ActiveCfg = Debug|Win32
		{C0A302B0-6F51-4C84-B532-7D0EDB7BE9B3}.Debug|Win32.Build.0 = Debug|Win32
		{C0A302B0-6F51-4C84-B532-7D0EDB7BE9B3}.Release|Win32.ActiveCfg = Release|Win32
		{C0A302B0-6F51-4C84-B532-7D0EDB7BE9B3}.Release|Win32.Build.0 = Release|Win32
		{35FF282C-D410-4501-AA3A-69E42DAC17F4}.Debug|Win32.ActiveCfg = Debug|Win32
		{35FF282C-D410-4501-AA3A-69E42DAC17F4}.Debug|Win32.Build.0 = Debug|Win32
		{35FF282C-D410-4501-AA3A-69E42DAC17F4}.Release|Win32.ActiveCfg = Release|Win32
		{35FF282C-D410-4501-AA3A-69E42DAC17F4}.Release|Win32.Build.0 = Release|Win32
		{9A82BA12-310B-45D6-9ADD-C61A6AB13541}.Debug|Win32.ActiveCfg = Debug|Win32
		{9A82BA12-310B-45D6-9ADD-C61A6AB13541}.Debug|Win32.Build.0 = Debug|Win32
		{9A82BA12-310B-45D6-9ADD-C61A6AB13541}.Release|Win32.ActiveCfg = Release|Win32
		{9A82BA12-310B-45D6-9ADD-C61A6AB13541}.Release|Win32.Build.0 = Release|Win32
		{A4E71C5F-8FF7-40A6-A81A-1FFC66A64F1B}.Debug|Win32.ActiveCfg = Debug|Win32
		{A4E71C5F-8FF7-40A6-A81A-1FFC66A64F1B}.Debug|Win32.Build.0 = Debug|Win32
		{A4E71C5F-8FF7-40A6-A81A-1FFC66A64F1B}.Release|Win32.ActiveCfg = Release|Win32
		{A4E71C5F-8FF7-40A6-A81A-1FFC66A64F1B}.Release|Win32.Build.0 = Release|Win32
		{ED07A841-DDEA-42DF-B76E-0A246317DA1C}.Debug|Win32.ActiveCfg = Debug|Win32
		{ED07A841-DDEA-42DF-B76E-0A246317DA1C}.Debug|Win32.Build.0 = Debug|Win32
		{ED07A841-DDEA-42DF-B76E-0A246317DA1C}.Release|Win32.ActiveCfg = Release|Win32
		{ED07A841-DDEA-42DF-B76E-0A246317DA1C}.Release|Win32.Build.0 = Release|Win32
		{FC0F7F43-DE91-426C-878B-F7618C709EC6}.Debug|Win32.ActiveCfg = Debug|Win32
		{FC0F7F43-DE91-426C-878B-F7618C709EC6}.Debug|Win32.Build.0 = Debug|Win32
		{FC0F7F43-DE91-426C-878B-F7618C709EC6}.Release|Win32.ActiveCfg = Release|Win32
		{FC0F7F43-DE91-426C-878B-F7618C709EC6}.Release|Win32.Build.0 = Release|Win32
		{989ECC6F-EAF1-4EDD-A1D7-678E61E042DE}.Debug|Win32.ActiveCfg = Debug|Win32
		{989ECC6F-EAF1-4EDD-A1D7-678E61E042DE}.Debug|Win32.Build.0 = Debug|Win32
		{989ECC6F-EAF1-4EDD-A1D7-678E61E042DE}.Release|Win32.ActiveCfg = Release|Win32
		{989ECC6F-EAF1-4EDD-A1D7-678E61E042DE}.Release|Win32.Build.0 = Release|Win32
		{A733858A-2E48-4FA2-A4EC-2AFE95B44E37}.Debug|Win32.ActiveCfg = Debug|Win32
		{A733858A-2E48-4FA2-A4EC-2AFE95B44E37}.Debug|Win32.Build.0 = Debug|Win32
		{A733858A-2E48-4FA2-A4EC-2AFE95B44E37}.Release|Win32.ActiveCfg = Release|Win32
		{A733858A-2E48-4FA2-A4EC-2AFE95B44E37}.Release|Win32.Build.0 = Release|Win32
		{D445B73F-D6C4-453C-A2A2-D491972A0009}.Debug|Win32.ActiveCfg = Debug|Win32
		{D445B73F-D6C4-453C-A2A2-D491972A0009}.Debug|Win32.Build.0 = Debug|Win32
		{D445B73F-D6C4-453C-A2A2-D491972A0009}.Release|Win32.ActiveCfg = Release|Win32
		{D445B73F-D6C4-453C-A2A2-D491972A0009}.Release|Win32.Build.0 = Release|Win32
		{5E90227E-D74F-43BE-B593-CF5DC27A6A97}.Debug|Win32.ActiveCfg = Debug|Win32
		{5E90227E-D74F-43BE-B593-CF5DC27A6A97}.Debug|Win32.Build.0 = Debug|Win32
		{5E90227E-D74F-43BE-B593-CF5DC27A6A97}.Release|Win32.ActiveCfg = Release|Win32
		{5E90227E-D74F-43BE-B593-CF5DC27A6A97}.Release|Win32.Build.0 = Release|Win32
		{AB427367-FA69-4A21-A534-954146829B88}.Debug|Win32.ActiveCfg = Debug|Win32
		{AB427367-FA69-4A21-A534-954146829B88}.Debug|Win32.Build.0 = Debug|Win32
		{AB427367-FA69-4A21-A534-954146829B88}.Release|Win32.ActiveCfg = Release|Win32
		{AB427367-FA69-4A21-A534-954146829B88}.Release|Win32.Build.0 = Release|Win32
		{0FD295B3-03D0-44A4-A361-618919FA1BD8}.Debug|Win32.ActiveCfg = Debug|Win32
		{0FD295B3-03D0-44A4-A361-618919FA1BD8}.Debug|Win32.Build.0 = Debug|Win32
		{0FD295B3-03D0-44A4-A361-618919FA1BD8}.Release|Win32.ActiveCfg = Release|Win32
		{0FD295B3-03D0-44A4-A361-618919FA1BD8}.Release|Win32.Build.0 = Release|Win32
		{0FE432B0-8F21-4686-BB0B-71A580EB36BF}.Debug|Win32.ActiveCfg = Debug|Win32
		{0FE432B0-8F21-4686-BB0B-71A580EB36BF}.Debug|Win32.Build.0 = Debug|Win32
		{0FE432B0-8F21-4686-BB0B-71A580EB36BF}.Release|Win32.ActiveCfg = Release|Win32
		{0FE432B0-8F21-4686-BB0B-71A580EB36BF}.Release|Win32.Build.0 = Release|Win32
	EndGlobalSection
	GlobalSection(SolutionProperties) = preSolution
		HideSolutionNode = FALSE
	EndGlobalSection
EndGlobal
